<Solution>
  <Folder Name="/core/">
    <Project Path="src/FSharpSlowBuild/FSharpSlowBuild.fsproj" />
  </Folder>
  <Folder Name="/Solution Items/">
    <File Path=".editorconfig" />
    <File Path="Directory.Build.props" />
    <File Path="global.json" />
    <File Path="nuget.config" />
    <File Path="README.md" />
  </Folder>
  <Folder Name="/tests/">
    <Project Path="src/FSharpSlowBuild.Tests/FSharpSlowBuild.Tests.fsproj" />
  </Folder>
</Solution>
